
Microsoft Visual Studio Solution File, Format Version 12.00
# Visual Studio Version 17
VisualStudioVersion = 17.13.35931.197
MinimumVisualStudioVersion = 10.0.40219.1
Project("{FAE04EC0-301F-11D3-BF4B-00C04F79EFBC}") = "PropGen.WPF", "PropGen.WPF\PropGen.WPF.csproj", "{772CC6A7-C8FC-407C-A3B2-17EC739F7447}"
EndProject
Project("{FAE04EC0-301F-11D3-BF4B-00C04F79EFBC}") = "PropGen.Core", "PropGen.Core\PropGen.Core.csproj", "{A2E339DA-D728-4D88-ABD0-7F8045877105}"
EndProject
Global
	GlobalSection(SolutionConfigurationPlatforms) = preSolution
		Debug|Any CPU = Debug|Any CPU
		Release|Any CPU = Release|Any CPU
	EndGlobalSection
	GlobalSection(ProjectConfigurationPlatforms) = postSolution
		{772CC6A7-C8FC-407C-A3B2-17EC739F7447}.Debug|Any CPU.ActiveCfg = Debug|Any CPU
		{772CC6A7-C8FC-407C-A3B2-17EC739F7447}.Debug|Any CPU.Build.0 = Debug|Any CPU
		{772CC6A7-C8FC-407C-A3B2-17EC739F7447}.Release|Any CPU.ActiveCfg = Release|Any CPU
		{772CC6A7-C8FC-407C-A3B2-17EC739F7447}.Release|Any CPU.Build.0 = Release|Any CPU
		{A2E339DA-D728-4D88-ABD0-7F8045877105}.Debug|Any CPU.ActiveCfg = Debug|Any CPU
		{A2E339DA-D728-4D88-ABD0-7F8045877105}.Debug|Any CPU.Build.0 = Debug|Any CPU
		{A2E339DA-D728-4D88-ABD0-7F8045877105}.Release|Any CPU.ActiveCfg = Release|Any CPU
		{A2E339DA-D728-4D88-ABD0-7F8045877105}.Release|Any CPU.Build.0 = Release|Any CPU
	EndGlobalSection
	GlobalSection(SolutionProperties) = preSolution
		HideSolutionNode = FALSE
	EndGlobalSection
	GlobalSection(ExtensibilityGlobals) = postSolution
		SolutionGuid = {6C69F8FF-FED1-4A10-AB8D-D29168246485}
	EndGlobalSection
EndGlobal
